// !$*UTF8*$!
{
	archiveVersion = 1;
	classes = {
	};
	objectVersion = 50;
	objects = {

/* Begin PBXBuildFile section */
		BA0F1C3C2620B6D600E3EC02 /* AppDelegate.swift in Sources */ = {isa = PBXBuildFile; fileRef = BA0F1C3B2620B6D600E3EC02 /* AppDelegate.swift */; };
		BA0F1C3E2620B6D600E3EC02 /* SceneDelegate.swift in Sources */ = {isa = PBXBuildFile; fileRef = BA0F1C3D2620B6D600E3EC02 /* SceneDelegate.swift */; };
		BA0F1C402620B6D600E3EC02 /* MemoListScene.swift in Sources */ = {isa = PBXBuildFile; fileRef = BA0F1C3F2620B6D600E3EC02 /* MemoListScene.swift */; };
		BA0F1C432620B6D600E3EC02 /* SwiftUIMemo.xcdatamodeld in Sources */ = {isa = PBXBuildFile; fileRef = BA0F1C412620B6D600E3EC02 /* SwiftUIMemo.xcdatamodeld */; };
		BA0F1C452620B6D700E3EC02 /* Assets.xcassets in Resources */ = {isa = PBXBuildFile; fileRef = BA0F1C442620B6D700E3EC02 /* Assets.xcassets */; };
		BA0F1C482620B6D700E3EC02 /* Preview Assets.xcassets in Resources */ = {isa = PBXBuildFile; fileRef = BA0F1C472620B6D700E3EC02 /* Preview Assets.xcassets */; };
		BA0F1C4B2620B6D700E3EC02 /* LaunchScreen.storyboard in Resources */ = {isa = PBXBuildFile; fileRef = BA0F1C492620B6D700E3EC02 /* LaunchScreen.storyboard */; };
		BA0F1C562620B91E00E3EC02 /* Memo.swift in Sources */ = {isa = PBXBuildFile; fileRef = BA0F1C552620B91E00E3EC02 /* Memo.swift */; };
		BA0F1C592620BA0B00E3EC02 /* MemoStore.swift in Sources */ = {isa = PBXBuildFile; fileRef = BA0F1C582620BA0B00E3EC02 /* MemoStore.swift */; };
		BA0F1C5D2620BD6100E3EC02 /* DateFormatter+Memo.swift in Sources */ = {isa = PBXBuildFile; fileRef = BA0F1C5C2620BD6100E3EC02 /* DateFormatter+Memo.swift */; };
		BA0F1C612620BF8200E3EC02 /* MemoCell.swift in Sources */ = {isa = PBXBuildFile; fileRef = BA0F1C602620BF8200E3EC02 /* MemoCell.swift */; };
/* End PBXBuildFile section */

/* Begin PBXFileReference section */
		BA0F1C382620B6D600E3EC02 /* SwiftUIMemo.app */ = {isa = PBXFileReference; explicitFileType = wrapper.application; includeInIndex = 0; path = SwiftUIMemo.app; sourceTree = BUILT_PRODUCTS_DIR; };
		BA0F1C3B2620B6D600E3EC02 /* AppDelegate.swift */ = {isa = PBXFileReference; lastKnownFileType = sourcecode.swift; path = AppDelegate.swift; sourceTree = "<group>"; };
		BA0F1C3D2620B6D600E3EC02 /* SceneDelegate.swift */ = {isa = PBXFileReference; lastKnownFileType = sourcecode.swift; path = SceneDelegate.swift; sourceTree = "<group>"; };
		BA0F1C3F2620B6D600E3EC02 /* MemoListScene.swift */ = {isa = PBXFileReference; lastKnownFileType = sourcecode.swift; path = MemoListScene.swift; sourceTree = "<group>"; };
		BA0F1C422620B6D600E3EC02 /* SwiftUIMemo.xcdatamodel */ = {isa = PBXFileReference; lastKnownFileType = wrapper.xcdatamodel; path = SwiftUIMemo.xcdatamodel; sourceTree = "<group>"; };
		BA0F1C442620B6D700E3EC02 /* Assets.xcassets */ = {isa = PBXFileReference; lastKnownFileType = folder.assetcatalog; path = Assets.xcassets; sourceTree = "<group>"; };
		BA0F1C472620B6D700E3EC02 /* Preview Assets.xcassets */ = {isa = PBXFileReference; lastKnownFileType = folder.assetcatalog; path = "Preview Assets.xcassets"; sourceTree = "<group>"; };
		BA0F1C4A2620B6D700E3EC02 /* Base */ = {isa = PBXFileReference; lastKnownFileType = file.storyboard; name = Base; path = Base.lproj/LaunchScreen.storyboard; sourceTree = "<group>"; };
		BA0F1C4C2620B6D700E3EC02 /* Info.plist */ = {isa = PBXFileReference; lastKnownFileType = text.plist.xml; path = Info.plist; sourceTree = "<group>"; };
		BA0F1C552620B91E00E3EC02 /* Memo.swift */ = {isa = PBXFileReference; lastKnownFileType = sourcecode.swift; path = Memo.swift; sourceTree = "<group>"; };
		BA0F1C582620BA0B00E3EC02 /* MemoStore.swift */ = {isa = PBXFileReference; lastKnownFileType = sourcecode.swift; path = MemoStore.swift; sourceTree = "<group>"; };
		BA0F1C5C2620BD6100E3EC02 /* DateFormatter+Memo.swift */ = {isa = PBXFileReference; lastKnownFileType = sourcecode.swift; path = "DateFormatter+Memo.swift"; sourceTree = "<group>"; };
		BA0F1C602620BF8200E3EC02 /* MemoCell.swift */ = {isa = PBXFileReference; lastKnownFileType = sourcecode.swift; path = MemoCell.swift; sourceTree = "<group>"; };
/* End PBXFileReference section */

/* Begin PBXFrameworksBuildPhase section */
		BA0F1C352620B6D600E3EC02 /* Frameworks */ = {
			isa = PBXFrameworksBuildPhase;
			buildActionMask = 2147483647;
			files = (
			);
			runOnlyForDeploymentPostprocessing = 0;
		};
/* End PBXFrameworksBuildPhase section */

/* Begin PBXGroup section */
		BA0F1C2F2620B6D600E3EC02 = {
			isa = PBXGroup;
			children = (
				BA0F1C3A2620B6D600E3EC02 /* SwiftUIMemo */,
				BA0F1C392620B6D600E3EC02 /* Products */,
			);
			sourceTree = "<group>";
		};
		BA0F1C392620B6D600E3EC02 /* Products */ = {
			isa = PBXGroup;
			children = (
				BA0F1C382620B6D600E3EC02 /* SwiftUIMemo.app */,
			);
			name = Products;
			sourceTree = "<group>";
		};
		BA0F1C3A2620B6D600E3EC02 /* SwiftUIMemo */ = {
			isa = PBXGroup;
			children = (
				BA0F1C5F2620BF6600E3EC02 /* View */,
				BA0F1C5B2620BD3E00E3EC02 /* Extension */,
				BA0F1C542620B8FF00E3EC02 /* Model */,
				BA0F1C3B2620B6D600E3EC02 /* AppDelegate.swift */,
				BA0F1C3D2620B6D600E3EC02 /* SceneDelegate.swift */,
				BA0F1C3F2620B6D600E3EC02 /* MemoListScene.swift */,
				BA0F1C442620B6D700E3EC02 /* Assets.xcassets */,
				BA0F1C492620B6D700E3EC02 /* LaunchScreen.storyboard */,
				BA0F1C4C2620B6D700E3EC02 /* Info.plist */,
				BA0F1C412620B6D600E3EC02 /* SwiftUIMemo.xcdatamodeld */,
				BA0F1C462620B6D700E3EC02 /* Preview Content */,
			);
			path = SwiftUIMemo;
			sourceTree = "<group>";
		};
		BA0F1C462620B6D700E3EC02 /* Preview Content */ = {
			isa = PBXGroup;
			children = (
				BA0F1C472620B6D700E3EC02 /* Preview Assets.xcassets */,
			);
			path = "Preview Content";
			sourceTree = "<group>";
		};
		BA0F1C542620B8FF00E3EC02 /* Model */ = {
			isa = PBXGroup;
			children = (
				BA0F1C552620B91E00E3EC02 /* Memo.swift */,
				BA0F1C582620BA0B00E3EC02 /* MemoStore.swift */,
			);
			path = Model;
			sourceTree = "<group>";
		};
		BA0F1C5B2620BD3E00E3EC02 /* Extension */ = {
			isa = PBXGroup;
			children = (
				BA0F1C5C2620BD6100E3EC02 /* DateFormatter+Memo.swift */,
			);
			path = Extension;
			sourceTree = "<group>";
		};
		BA0F1C5F2620BF6600E3EC02 /* View */ = {
			isa = PBXGroup;
			children = (
				BA0F1C602620BF8200E3EC02 /* MemoCell.swift */,
			);
			path = View;
			sourceTree = "<group>";
		};
/* End PBXGroup section */

/* Begin PBXNativeTarget section */
		BA0F1C372620B6D600E3EC02 /* SwiftUIMemo */ = {
			isa = PBXNativeTarget;
			buildConfigurationList = BA0F1C4F2620B6D700E3EC02 /* Build configuration list for PBXNativeTarget "SwiftUIMemo" */;
			buildPhases = (
				BA0F1C342620B6D600E3EC02 /* Sources */,
				BA0F1C352620B6D600E3EC02 /* Frameworks */,
				BA0F1C362620B6D600E3EC02 /* Resources */,
			);
			buildRules = (
			);
			dependencies = (
			);
			name = SwiftUIMemo;
			productName = SwiftUIMemo;
			productReference = BA0F1C382620B6D600E3EC02 /* SwiftUIMemo.app */;
			productType = "com.apple.product-type.application";
		};
/* End PBXNativeTarget section */

/* Begin PBXProject section */
		BA0F1C302620B6D600E3EC02 /* Project object */ = {
			isa = PBXProject;
			attributes = {
				LastSwiftUpdateCheck = 1240;
				LastUpgradeCheck = 1240;
				TargetAttributes = {
					BA0F1C372620B6D600E3EC02 = {
						CreatedOnToolsVersion = 12.4;
					};
				};
			};
			buildConfigurationList = BA0F1C332620B6D600E3EC02 /* Build configuration list for PBXProject "SwiftUIMemo" */;
			compatibilityVersion = "Xcode 9.3";
			developmentRegion = en;
			hasScannedForEncodings = 0;
			knownRegions = (
				en,
				Base,
			);
			mainGroup = BA0F1C2F2620B6D600E3EC02;
			productRefGroup = BA0F1C392620B6D600E3EC02 /* Products */;
			projectDirPath = "";
			projectRoot = "";
			targets = (
				BA0F1C372620B6D600E3EC02 /* SwiftUIMemo */,
			);
		};
/* End PBXProject section */

/* Begin PBXResourcesBuildPhase section */
		BA0F1C362620B6D600E3EC02 /* Resources */ = {
			isa = PBXResourcesBuildPhase;
			buildActionMask = 2147483647;
			files = (
				BA0F1C4B2620B6D700E3EC02 /* LaunchScreen.storyboard in Resources */,
				BA0F1C482620B6D700E3EC02 /* Preview Assets.xcassets in Resources */,
				BA0F1C452620B6D700E3EC02 /* Assets.xcassets in Resources */,
			);
			runOnlyForDeploymentPostprocessing = 0;
		};
/* End PBXResourcesBuildPhase section */

/* Begin PBXSourcesBuildPhase section */
		BA0F1C342620B6D600E3EC02 /* Sources */ = {
			isa = PBXSourcesBuildPhase;
			buildActionMask = 2147483647;
			files = (
				BA0F1C3C2620B6D600E3EC02 /* AppDelegate.swift in Sources */,
				BA0F1C592620BA0B00E3EC02 /* MemoStore.swift in Sources */,
				BA0F1C432620B6D600E3EC02 /* SwiftUIMemo.xcdatamodeld in Sources */,
				BA0F1C5D2620BD6100E3EC02 /* DateFormatter+Memo.swift in Sources */,
				BA0F1C3E2620B6D600E3EC02 /* SceneDelegate.swift in Sources */,
				BA0F1C402620B6D600E3EC02 /* MemoListScene.swift in Sources */,
				BA0F1C562620B91E00E3EC02 /* Memo.swift in Sources */,
				BA0F1C612620BF8200E3EC02 /* MemoCell.swift in Sources */,
			);
			runOnlyForDeploymentPostprocessing = 0;
		};
/* End PBXSourcesBuildPhase section */

/* Begin PBXVariantGroup section */
		BA0F1C492620B6D700E3EC02 /* LaunchScreen.storyboard */ = {
			isa = PBXVariantGroup;
			children = (
				BA0F1C4A2620B6D700E3EC02 /* Base */,
			);
			name = LaunchScreen.storyboard;
			sourceTree = "<group>";
		};
/* End PBXVariantGroup section */

/* Begin XCBuildConfiguration section */
		BA0F1C4D2620B6D700E3EC02 /* Debug */ = {
			isa = XCBuildConfiguration;
			buildSettings = {
				ALWAYS_SEARCH_USER_PATHS = NO;
				CLANG_ANALYZER_NONNULL = YES;
				CLANG_ANALYZER_NUMBER_OBJECT_CONVERSION = YES_AGGRESSIVE;
				CLANG_CXX_LANGUAGE_STANDARD = "gnu++14";
				CLANG_CXX_LIBRARY = "libc++";
				CLANG_ENABLE_MODULES = YES;
				CLANG_ENABLE_OBJC_ARC = YES;
				CLANG_ENABLE_OBJC_WEAK = YES;
				CLANG_WARN_BLOCK_CAPTURE_AUTORELEASING = YES;
				CLANG_WARN_BOOL_CONVERSION = YES;
				CLANG_WARN_COMMA = YES;
				CLANG_WARN_CONSTANT_CONVERSION = YES;
				CLANG_WARN_DEPRECATED_OBJC_IMPLEMENTATIONS = YES;
				CLANG_WARN_DIRECT_OBJC_ISA_USAGE = YES_ERROR;
				CLANG_WARN_DOCUMENTATION_COMMENTS = YES;
				CLANG_WARN_EMPTY_BODY = YES;
				CLANG_WARN_ENUM_CONVERSION = YES;
				CLANG_WARN_INFINITE_RECURSION = YES;
				CLANG_WARN_INT_CONVERSION = YES;
				CLANG_WARN_NON_LITERAL_NULL_CONVERSION = YES;
				CLANG_WARN_OBJC_IMPLICIT_RETAIN_SELF = YES;
				CLANG_WARN_OBJC_LITERAL_CONVERSION = YES;
				CLANG_WARN_OBJC_ROOT_CLASS = YES_ERROR;
				CLANG_WARN_QUOTED_INCLUDE_IN_FRAMEWORK_HEADER = YES;
				CLANG_WARN_RANGE_LOOP_ANALYSIS = YES;
				CLANG_WARN_STRICT_PROTOTYPES = YES;
				CLANG_WARN_SUSPICIOUS_MOVE = YES;
				CLANG_WARN_UNGUARDED_AVAILABILITY = YES_AGGRESSIVE;
				CLANG_WARN_UNREACHABLE_CODE = YES;
				CLANG_WARN__DUPLICATE_METHOD_MATCH = YES;
				COPY_PHASE_STRIP = NO;
				DEBUG_INFORMATION_FORMAT = dwarf;
				ENABLE_STRICT_OBJC_MSGSEND = YES;
				ENABLE_TESTABILITY = YES;
				GCC_C_LANGUAGE_STANDARD = gnu11;
				GCC_DYNAMIC_NO_PIC = NO;
				GCC_NO_COMMON_BLOCKS = YES;
				GCC_OPTIMIZATION_LEVEL = 0;
				GCC_PREPROCESSOR_DEFINITIONS = (
					"DEBUG=1",
					"$(inherited)",
				);
				GCC_WARN_64_TO_32_BIT_CONVERSION = YES;
				GCC_WARN_ABOUT_RETURN_TYPE = YES_ERROR;
				GCC_WARN_UNDECLARED_SELECTOR = YES;
				GCC_WARN_UNINITIALIZED_AUTOS = YES_AGGRESSIVE;
				GCC_WARN_UNUSED_FUNCTION = YES;
				GCC_WARN_UNUSED_VARIABLE = YES;
				IPHONEOS_DEPLOYMENT_TARGET = 14.4;
				MTL_ENABLE_DEBUG_INFO = INCLUDE_SOURCE;
				MTL_FAST_MATH = YES;
				ONLY_ACTIVE_ARCH = YES;
				SDKROOT = iphoneos;
				SWIFT_ACTIVE_COMPILATION_CONDITIONS = DEBUG;
				SWIFT_OPTIMIZATION_LEVEL = "-Onone";
			};
			name = Debug;
		};
		BA0F1C4E2620B6D700E3EC02 /* Release */ = {
			isa = XCBuildConfiguration;
			buildSettings = {
				ALWAYS_SEARCH_USER_PATHS = NO;
				CLANG_ANALYZER_NONNULL = YES;
				CLANG_ANALYZER_NUMBER_OBJECT_CONVERSION = YES_AGGRESSIVE;
				CLANG_CXX_LANGUAGE_STANDARD = "gnu++14";
				CLANG_CXX_LIBRARY = "libc++";
				CLANG_ENABLE_MODULES = YES;
				CLANG_ENABLE_OBJC_ARC = YES;
				CLANG_ENABLE_OBJC_WEAK = YES;
				CLANG_WARN_BLOCK_CAPTURE_AUTORELEASING = YES;
				CLANG_WARN_BOOL_CONVERSION = YES;
				CLANG_WARN_COMMA = YES;
				CLANG_WARN_CONSTANT_CONVERSION = YES;
				CLANG_WARN_DEPRECATED_OBJC_IMPLEMENTATIONS = YES;
				CLANG_WARN_DIRECT_OBJC_ISA_USAGE = YES_ERROR;
				CLANG_WARN_DOCUMENTATION_COMMENTS = YES;
				CLANG_WARN_EMPTY_BODY = YES;
				CLANG_WARN_ENUM_CONVERSION = YES;
				CLANG_WARN_INFINITE_RECURSION = YES;
				CLANG_WARN_INT_CONVERSION = YES;
				CLANG_WARN_NON_LITERAL_NULL_CONVERSION = YES;
				CLANG_WARN_OBJC_IMPLICIT_RETAIN_SELF = YES;
				CLANG_WARN_OBJC_LITERAL_CONVERSION = YES;
				CLANG_WARN_OBJC_ROOT_CLASS = YES_ERROR;
				CLANG_WARN_QUOTED_INCLUDE_IN_FRAMEWORK_HEADER = YES;
				CLANG_WARN_RANGE_LOOP_ANALYSIS = YES;
				CLANG_WARN_STRICT_PROTOTYPES = YES;
				CLANG_WARN_SUSPICIOUS_MOVE = YES;
				CLANG_WARN_UNGUARDED_AVAILABILITY = YES_AGGRESSIVE;
				CLANG_WARN_UNREACHABLE_CODE = YES;
				CLANG_WARN__DUPLICATE_METHOD_MATCH = YES;
				COPY_PHASE_STRIP = NO;
				DEBUG_INFORMATION_FORMAT = "dwarf-with-dsym";
				ENABLE_NS_ASSERTIONS = NO;
				ENABLE_STRICT_OBJC_MSGSEND = YES;
				GCC_C_LANGUAGE_STANDARD = gnu11;
				GCC_NO_COMMON_BLOCKS = YES;
				GCC_WARN_64_TO_32_BIT_CONVERSION = YES;
				GCC_WARN_ABOUT_RETURN_TYPE = YES_ERROR;
				GCC_WARN_UNDECLARED_SELECTOR = YES;
				GCC_WARN_UNINITIALIZED_AUTOS = YES_AGGRESSIVE;
				GCC_WARN_UNUSED_FUNCTION = YES;
				GCC_WARN_UNUSED_VARIABLE = YES;
				IPHONEOS_DEPLOYMENT_TARGET = 14.4;
				MTL_ENABLE_DEBUG_INFO = NO;
				MTL_FAST_MATH = YES;
				SDKROOT = iphoneos;
				SWIFT_COMPILATION_MODE = wholemodule;
				SWIFT_OPTIMIZATION_LEVEL = "-O";
				VALIDATE_PRODUCT = YES;
			};
			name = Release;
		};
		BA0F1C502620B6D700E3EC02 /* Debug */ = {
			isa = XCBuildConfiguration;
			buildSettings = {
				ASSETCATALOG_COMPILER_APPICON_NAME = AppIcon;
				ASSETCATALOG_COMPILER_GLOBAL_ACCENT_COLOR_NAME = AccentColor;
				CODE_SIGN_STYLE = Automatic;
				DEVELOPMENT_ASSET_PATHS = "\"SwiftUIMemo/Preview Content\"";
				DEVELOPMENT_TEAM = 7STK9RT8DD;
				ENABLE_PREVIEWS = YES;
				INFOPLIST_FILE = SwiftUIMemo/Info.plist;
				LD_RUNPATH_SEARCH_PATHS = (
					"$(inherited)",
					"@executable_path/Frameworks",
				);
				PRODUCT_BUNDLE_IDENTIFIER = kr.kerri.SwiftUIMemo;
				PRODUCT_NAME = "$(TARGET_NAME)";
				SWIFT_VERSION = 5.0;
				TARGETED_DEVICE_FAMILY = "1,2";
			};
			name = Debug;
		};
		BA0F1C512620B6D700E3EC02 /* Release */ = {
			isa = XCBuildConfiguration;
			buildSettings = {
				ASSETCATALOG_COMPILER_APPICON_NAME = AppIcon;
				ASSETCATALOG_COMPILER_GLOBAL_ACCENT_COLOR_NAME = AccentColor;
				CODE_SIGN_STYLE = Automatic;
				DEVELOPMENT_ASSET_PATHS = "\"SwiftUIMemo/Preview Content\"";
				DEVELOPMENT_TEAM = 7STK9RT8DD;
				ENABLE_PREVIEWS = YES;
				INFOPLIST_FILE = SwiftUIMemo/Info.plist;
				LD_RUNPATH_SEARCH_PATHS = (
					"$(inherited)",
					"@executable_path/Frameworks",
				);
				PRODUCT_BUNDLE_IDENTIFIER = kr.kerri.SwiftUIMemo;
				PRODUCT_NAME = "$(TARGET_NAME)";
				SWIFT_VERSION = 5.0;
				TARGETED_DEVICE_FAMILY = "1,2";
			};
			name = Release;
		};
/* End XCBuildConfiguration section */

/* Begin XCConfigurationList section */
		BA0F1C332620B6D600E3EC02 /* Build configuration list for PBXProject "SwiftUIMemo" */ = {
			isa = XCConfigurationList;
			buildConfigurations = (
				BA0F1C4D2620B6D700E3EC02 /* Debug */,
				BA0F1C4E2620B6D700E3EC02 /* Release */,
			);
			defaultConfigurationIsVisible = 0;
			defaultConfigurationName = Release;
		};
		BA0F1C4F2620B6D700E3EC02 /* Build configuration list for PBXNativeTarget "SwiftUIMemo" */ = {
			isa = XCConfigurationList;
			buildConfigurations = (
				BA0F1C502620B6D700E3EC02 /* Debug */,
				BA0F1C512620B6D700E3EC02 /* Release */,
			);
			defaultConfigurationIsVisible = 0;
			defaultConfigurationName = Release;
		};
/* End XCConfigurationList section */

/* Begin XCVersionGroup section */
		BA0F1C412620B6D600E3EC02 /* SwiftUIMemo.xcdatamodeld */ = {
			isa = XCVersionGroup;
			children = (
				BA0F1C422620B6D600E3EC02 /* SwiftUIMemo.xcdatamodel */,
			);
			currentVersion = BA0F1C422620B6D600E3EC02 /* SwiftUIMemo.xcdatamodel */;
			path = SwiftUIMemo.xcdatamodeld;
			sourceTree = "<group>";
			versionGroupType = wrapper.xcdatamodel;
		};
/* End XCVersionGroup section */
	};
	rootObject = BA0F1C302620B6D600E3EC02 /* Project object */;
}
